
Microsoft Visual Studio Solution File, Format Version 12.00
# Visual Studio Version 17
VisualStudioVersion = 17.2.32526.322
MinimumVisualStudioVersion = 10.0.40219.1
Project("{FAE04EC0-301F-11D3-BF4B-00C04F79EFBC}") = "Tree", "Tree.csproj", "{1E4D7604-2A53-4AF8-BED4-D54C1DD358B2}"
EndProject
Global
	GlobalSection(SolutionConfigurationPlatforms) = preSolution
		Debug|Any CPU = Debug|Any CPU
		Release|Any CPU = Release|Any CPU
	EndGlobalSection
	GlobalSection(ProjectConfigurationPlatforms) = postSolution
		{1E4D7604-2A53-4AF8-BED4-D54C1DD358B2}.Debug|Any CPU.ActiveCfg = Debug|Any CPU
		{1E4D7604-2A53-4AF8-BED4-D54C1DD358B2}.Debug|Any CPU.Build.0 = Debug|Any CPU
		{1E4D7604-2A53-4AF8-BED4-D54C1DD358B2}.Release|Any CPU.ActiveCfg = Release|Any CPU
		{1E4D7604-2A53-4AF8-BED4-D54C1DD358B2}.Release|Any CPU.Build.0 = Release|Any CPU
	EndGlobalSection
	GlobalSection(SolutionProperties) = preSolution
		HideSolutionNode = FALSE
	EndGlobalSection
	GlobalSection(ExtensibilityGlobals) = postSolution
		SolutionGuid = {CDE6F49A-CB32-457F-8624-B689BF6309C8}
	EndGlobalSection
EndGlobal
